
Microsoft Visual Studio Solution File, Format Version 12.00
# Visual Studio 14
VisualStudioVersion = 14.0.25420.1
MinimumVisualStudioVersion = 10.0.40219.1
Project("{FAE04EC0-301F-11D3-BF4B-00C04F79EFBC}") = "Monkeys", "Monkeys\Monkeys.csproj", "{81E70C2C-CCC2-45FC-8876-06EAB8EE6272}"
EndProject
Project("{FAE04EC0-301F-11D3-BF4B-00C04F79EFBC}") = "MonkeyTests", "UnitTestProject1\MonkeyTests.csproj", "{F7165630-3B2D-4B4A-BFDA-0077A87FCE66}"
EndProject
Global
	GlobalSection(SolutionConfigurationPlatforms) = preSolution
		Debug|Any CPU = Debug|Any CPU
		Release|Any CPU = Release|Any CPU
	EndGlobalSection
	GlobalSection(ProjectConfigurationPlatforms) = postSolution
		{81E70C2C-CCC2-45FC-8876-06EAB8EE6272}.Debug|Any CPU.ActiveCfg = Debug|Any CPU
		{81E70C2C-CCC2-45FC-8876-06EAB8EE6272}.Debug|Any CPU.Build.0 = Debug|Any CPU
		{81E70C2C-CCC2-45FC-8876-06EAB8EE6272}.Release|Any CPU.ActiveCfg = Release|Any CPU
		{81E70C2C-CCC2-45FC-8876-06EAB8EE6272}.Release|Any CPU.Build.0 = Release|Any CPU
		{F7165630-3B2D-4B4A-BFDA-0077A87FCE66}.Debug|Any CPU.ActiveCfg = Debug|Any CPU
		{F7165630-3B2D-4B4A-BFDA-0077A87FCE66}.Debug|Any CPU.Build.0 = Debug|Any CPU
		{F7165630-3B2D-4B4A-BFDA-0077A87FCE66}.Release|Any CPU.ActiveCfg = Release|Any CPU
		{F7165630-3B2D-4B4A-BFDA-0077A87FCE66}.Release|Any CPU.Build.0 = Release|Any CPU
	EndGlobalSection
	GlobalSection(SolutionProperties) = preSolution
		HideSolutionNode = FALSE
	EndGlobalSection
EndGlobal
